
Microsoft Visual Studio Solution File, Format Version 12.00
# Visual Studio Version 16
VisualStudioVersion = 16.0.30621.155
MinimumVisualStudioVersion = 10.0.40219.1
Project("{FAE04EC0-301F-11D3-BF4B-00C04F79EFBC}") = "get-stated-jenkins", "get-stated-jenkins\get-stated-jenkins.csproj", "{948E7E24-FC69-47D4-87E6-E06AADCFBB9D}"
EndProject
Global
	GlobalSection(SolutionConfigurationPlatforms) = preSolution
		Debug|Any CPU = Debug|Any CPU
		Release|Any CPU = Release|Any CPU
	EndGlobalSection
	GlobalSection(ProjectConfigurationPlatforms) = postSolution
		{948E7E24-FC69-47D4-87E6-E06AADCFBB9D}.Debug|Any CPU.ActiveCfg = Debug|Any CPU
		{948E7E24-FC69-47D4-87E6-E06AADCFBB9D}.Debug|Any CPU.Build.0 = Debug|Any CPU
		{948E7E24-FC69-47D4-87E6-E06AADCFBB9D}.Release|Any CPU.ActiveCfg = Release|Any CPU
		{948E7E24-FC69-47D4-87E6-E06AADCFBB9D}.Release|Any CPU.Build.0 = Release|Any CPU
	EndGlobalSection
	GlobalSection(SolutionProperties) = preSolution
		HideSolutionNode = FALSE
	EndGlobalSection
	GlobalSection(ExtensibilityGlobals) = postSolution
		SolutionGuid = {6A658A79-E7DE-44E3-969F-BFC191C5DC11}
	EndGlobalSection
EndGlobal
